PODS:
  - Reachability (3.2)
  - SSZipArchive (2.1.2)

DEPENDENCIES:
  - Reachability (~> 3.2)
  - SSZipArchive (~> 2.1.1)

SPEC REPOS:
  https://github.com/CocoaPods/Specs.git:
    - Reachability
    - SSZipArchive

SPEC CHECKSUMS:
  Reachability: 33e18b67625424e47b6cde6d202dce689ad7af96
  SSZipArchive: d4009d2ce5520a421f231fd97028cc0e2667eed8

PODFILE CHECKSUM: f302f3145333da96874d2b0c34bcbccc54f440f2

COCOAPODS: 1.5.0
